{
  "name": "lgabellini1.github.io",
  "lockfileVersion": 3,
  "requires": true,
  "packages": {
    "": {
      "dependencies": {
        "@fontsource-variable/jetbrains-mono": "^5.2.8",
        "@fontsource-variable/montserrat": "^5.2.8",
        "tailwindcss": "^4.3.0"
      }
    },
    "node_modules/@fontsource-variable/jetbrains-mono": {
      "version": "5.2.8",
      "resolved": "https://registry.npmjs.org/@fontsource-variable/jetbrains-mono/-/jetbrains-mono-5.2.8.tgz",
      "integrity": "sha512-WBA9elru6Jdp5df2mES55wuOO0WIrn3kpXnI4+W2ek5u3ZgLS9XS4gmIlcQhiZOWEKl95meYdvK7xI+ETLCq/Q==",
      "license": "OFL-1.1",
      "funding": {
        "url": "https://github.com/sponsors/ayuhito"
      }
    },
    "node_modules/@fontsource-variable/montserrat": {
      "version": "5.2.8",
      "resolved": "https://registry.npmjs.org/@fontsource-variable/montserrat/-/montserrat-5.2.8.tgz",
      "integrity": "sha512-d8wykq7GCKhEOlLwEuQIOK3w3qsXNxwDlH0meru4AZZzQ4/+rZyvHWKL6BBtHdmbovSHEEQDkwkD8qYUKlcFtQ==",
      "license": "OFL-1.1",
      "funding": {
        "url": "https://github.com/sponsors/ayuhito"
      }
    },
    "node_modules/tailwindcss": {
      "version": "4.3.0",
      "resolved": "https://registry.npmjs.org/tailwindcss/-/tailwindcss-4.3.0.tgz",
      "integrity": "sha512-y6nxMGB1nMW9R6k96e5gdIFzcfL/gTJRNaqGes1YvkLnPVXzWgbqFF2yLC0T8G774n24cx3Pe8XrKoniCOAH+Q==",
      "license": "MIT"
    }
  }
}
